
Microsoft Visual Studio Solution File, Format Version 12.00
# Visual Studio Version 17
VisualStudioVersion = 17.11.35327.3
MinimumVisualStudioVersion = 10.0.40219.1
Project("{9A19103F-16F7-4668-BE54-9A1E7A4F7556}") = "WSSTest", "WSSTest\WSSTest.csproj", "{7E302B09-F1A2-4EDC-A14E-9388D5D131E1}"
EndProject
Project("{FAE04EC0-301F-11D3-BF4B-00C04F79EFBC}") = "WSSTest_Tests", "WSSTest_Tests\WSSTest_Tests.csproj", "{6E394CC0-EA1B-4C25-960E-3807ADE20A54}"
EndProject
Global
	GlobalSection(SolutionConfigurationPlatforms) = preSolution
		Debug|Any CPU = Debug|Any CPU
		Release|Any CPU = Release|Any CPU
	EndGlobalSection
	GlobalSection(ProjectConfigurationPlatforms) = postSolution
		{7E302B09-F1A2-4EDC-A14E-9388D5D131E1}.Debug|Any CPU.ActiveCfg = Debug|Any CPU
		{7E302B09-F1A2-4EDC-A14E-9388D5D131E1}.Debug|Any CPU.Build.0 = Debug|Any CPU
		{7E302B09-F1A2-4EDC-A14E-9388D5D131E1}.Release|Any CPU.ActiveCfg = Release|Any CPU
		{7E302B09-F1A2-4EDC-A14E-9388D5D131E1}.Release|Any CPU.Build.0 = Release|Any CPU
		{6E394CC0-EA1B-4C25-960E-3807ADE20A54}.Debug|Any CPU.ActiveCfg = Debug|Any CPU
		{6E394CC0-EA1B-4C25-960E-3807ADE20A54}.Debug|Any CPU.Build.0 = Debug|Any CPU
		{6E394CC0-EA1B-4C25-960E-3807ADE20A54}.Release|Any CPU.ActiveCfg = Release|Any CPU
		{6E394CC0-EA1B-4C25-960E-3807ADE20A54}.Release|Any CPU.Build.0 = Release|Any CPU
	EndGlobalSection
	GlobalSection(SolutionProperties) = preSolution
		HideSolutionNode = FALSE
	EndGlobalSection
	GlobalSection(ExtensibilityGlobals) = postSolution
		SolutionGuid = {DAFB4DFF-C4A4-4C34-8FF6-0D81B64FAFC4}
	EndGlobalSection
EndGlobal
